
Microsoft Visual Studio Solution File, Format Version 12.00
# Visual Studio 2013
VisualStudioVersion = 12.0.21005.1
MinimumVisualStudioVersion = 10.0.40219.1
Project("{D2ABAB84-BF74-430A-B69E-9DC6D40DDA17}") = "Schools K12 DW Student Course Grade", "Schools K12 DW Student Course Grade\Schools K12 DW Student Course Grade.dwproj", "{DFAA3D15-602A-4FFC-B84A-421FE4D9E5E7}"
EndProject
Global
	GlobalSection(SolutionConfigurationPlatforms) = preSolution
		Development|Default = Development|Default
	EndGlobalSection
	GlobalSection(ProjectConfigurationPlatforms) = postSolution
		{DFAA3D15-602A-4FFC-B84A-421FE4D9E5E7}.Development|Default.ActiveCfg = Development
		{DFAA3D15-602A-4FFC-B84A-421FE4D9E5E7}.Development|Default.Build.0 = Development
		{DFAA3D15-602A-4FFC-B84A-421FE4D9E5E7}.Development|Default.Deploy.0 = Development
	EndGlobalSection
	GlobalSection(SolutionProperties) = preSolution
		HideSolutionNode = FALSE
	EndGlobalSection
EndGlobal
